
Microsoft Visual Studio Solution File, Format Version 12.00
# Visual Studio Version 16
VisualStudioVersion = 16.0.29424.173
MinimumVisualStudioVersion = 10.0.40219.1
Project("{FAE04EC0-301F-11D3-BF4B-00C04F79EFBC}") = "WPFApp", "WPFApp\WPFApp.csproj", "{3AE7BFA0-5370-4B19-841D-D00F157EE24E}"
EndProject
Global
	GlobalSection(SolutionConfigurationPlatforms) = preSolution
		Debug|Any CPU = Debug|Any CPU
		Release|Any CPU = Release|Any CPU
	EndGlobalSection
	GlobalSection(ProjectConfigurationPlatforms) = postSolution
		{3AE7BFA0-5370-4B19-841D-D00F157EE24E}.Debug|Any CPU.ActiveCfg = Debug|Any CPU
		{3AE7BFA0-5370-4B19-841D-D00F157EE24E}.Debug|Any CPU.Build.0 = Debug|Any CPU
		{3AE7BFA0-5370-4B19-841D-D00F157EE24E}.Release|Any CPU.ActiveCfg = Release|Any CPU
		{3AE7BFA0-5370-4B19-841D-D00F157EE24E}.Release|Any CPU.Build.0 = Release|Any CPU
	EndGlobalSection
	GlobalSection(SolutionProperties) = preSolution
		HideSolutionNode = FALSE
	EndGlobalSection
	GlobalSection(ExtensibilityGlobals) = postSolution
		SolutionGuid = {222E6D35-9C4E-4A15-B7A0-E63564C8FB30}
	EndGlobalSection
EndGlobal
